{
  "name": "malta-umd",
  "version": "1.0.4",
  "lockfileVersion": 1,
  "requires": true,
  "dependencies": {
    "malta": {
      "version": "3.8.14",
      "resolved": "https://registry.npmjs.org/malta/-/malta-3.8.14.tgz",
      "integrity": "sha512-4U1+AxKvbj9eM6qfPwPRZ2jrVKQNyJab3/YX4vG4AM3Eu/+6y5pLasa3WSNLczYa3DE23hF3xT+2bs5V5kVXoQ=="
    }
  }
}
